
Microsoft Visual Studio Solution File, Format Version 12.00
# Visual Studio Version 16
VisualStudioVersion = 16.0.30309.148
MinimumVisualStudioVersion = 10.0.40219.1
Project("{FAE04EC0-301F-11D3-BF4B-00C04F79EFBC}") = "Minicast.App", "Minicast.App\Minicast.App.csproj", "{69D07845-C42F-4374-8898-D9127DB8D8AD}"
EndProject
Global
	GlobalSection(SolutionConfigurationPlatforms) = preSolution
		Debug|Any CPU = Debug|Any CPU
		Release|Any CPU = Release|Any CPU
	EndGlobalSection
	GlobalSection(ProjectConfigurationPlatforms) = postSolution
		{69D07845-C42F-4374-8898-D9127DB8D8AD}.Debug|Any CPU.ActiveCfg = Debug|Any CPU
		{69D07845-C42F-4374-8898-D9127DB8D8AD}.Debug|Any CPU.Build.0 = Debug|Any CPU
		{69D07845-C42F-4374-8898-D9127DB8D8AD}.Release|Any CPU.ActiveCfg = Release|Any CPU
		{69D07845-C42F-4374-8898-D9127DB8D8AD}.Release|Any CPU.Build.0 = Release|Any CPU
	EndGlobalSection
	GlobalSection(SolutionProperties) = preSolution
		HideSolutionNode = FALSE
	EndGlobalSection
	GlobalSection(ExtensibilityGlobals) = postSolution
		SolutionGuid = {902BA0D1-DB03-4A7B-B717-A30615D18277}
	EndGlobalSection
EndGlobal
